
Microsoft Visual Studio Solution File, Format Version 12.00
# Visual Studio Version 16
VisualStudioVersion = 16.0.30114.105
MinimumVisualStudioVersion = 10.0.40219.1
Project("{FAE04EC0-301F-11D3-BF4B-00C04F79EFBC}") = "ExtractArchiveHook", "ExtractArchiveHook\ExtractArchiveHook.csproj", "{E985DEC5-FE5B-4E4A-9503-40F881295961}"
EndProject
Global
	GlobalSection(SolutionConfigurationPlatforms) = preSolution
		Debug|Any CPU = Debug|Any CPU
		Release|Any CPU = Release|Any CPU
	EndGlobalSection
	GlobalSection(ProjectConfigurationPlatforms) = postSolution
		{E985DEC5-FE5B-4E4A-9503-40F881295961}.Debug|Any CPU.ActiveCfg = Debug|Any CPU
		{E985DEC5-FE5B-4E4A-9503-40F881295961}.Debug|Any CPU.Build.0 = Debug|Any CPU
		{E985DEC5-FE5B-4E4A-9503-40F881295961}.Release|Any CPU.ActiveCfg = Release|Any CPU
		{E985DEC5-FE5B-4E4A-9503-40F881295961}.Release|Any CPU.Build.0 = Release|Any CPU
	EndGlobalSection
	GlobalSection(SolutionProperties) = preSolution
		HideSolutionNode = FALSE
	EndGlobalSection
	GlobalSection(ExtensibilityGlobals) = postSolution
		SolutionGuid = {F5172223-4C84-40E0-8E17-A2BE9F1833F4}
	EndGlobalSection
EndGlobal
